
Microsoft Visual Studio Solution File, Format Version 12.00
# Visual Studio Version 17
VisualStudioVersion = 17.4.32916.344
MinimumVisualStudioVersion = 10.0.40219.1
Project("{9A19103F-16F7-4668-BE54-9A1E7A4F7556}") = "Strategist.Core", "src\Strategist.Core\Strategist.Core.csproj", "{1AAFF067-558E-452E-938E-9DDE85517BC4}"
EndProject
Project("{2150E333-8FDC-42A3-9474-1A3956D46DE8}") = "Tests", "Tests", "{60AA093A-5841-475B-A60E-441C5D872FA3}"
EndProject
Project("{9A19103F-16F7-4668-BE54-9A1E7A4F7556}") = "FirstStrategy", "Tests\FirstStrategy\FirstStrategy.csproj", "{5B622B1C-7AE0-4509-AF0E-DC4BA844B8EC}"
EndProject
Project("{2150E333-8FDC-42A3-9474-1A3956D46DE8}") = "Plugins", "Plugins", "{FD87E999-A47A-4383-965C-C5A8ABC2DC67}"
EndProject
Project("{9A19103F-16F7-4668-BE54-9A1E7A4F7556}") = "Strategist.Plugins.Report", "src\Plugins\Strategist.Plugins.Report\Strategist.Plugins.Report.csproj", "{DC736D9A-5D02-420C-8578-679B38571843}"
EndProject
Project("{FAE04EC0-301F-11D3-BF4B-00C04F79EFBC}") = "Strategist.Plugins.Indicators", "src\Plugins\Strategist.Plugins.Indicators\Strategist.Plugins.Indicators.csproj", "{0A23C947-66C1-4CBA-9E07-9911D84F6D98}"
EndProject
Project("{FAE04EC0-301F-11D3-BF4B-00C04F79EFBC}") = "Strategist.Domain", "src\Strategist.Domain\Strategist.Domain.csproj", "{07650EAC-80D7-48FA-9A2F-D01AC6AB0C50}"
EndProject
Project("{2150E333-8FDC-42A3-9474-1A3956D46DE8}") = "Solution Items", "Solution Items", "{2AD8BCFF-F9A2-4AE9-9574-2CE5644D9D9F}"
	ProjectSection(SolutionItems) = preProject
		.gitattributes = .gitattributes
		.gitignore = .gitignore
	EndProjectSection
EndProject
Global
	GlobalSection(SolutionConfigurationPlatforms) = preSolution
		Debug|Any CPU = Debug|Any CPU
		Release|Any CPU = Release|Any CPU
	EndGlobalSection
	GlobalSection(ProjectConfigurationPlatforms) = postSolution
		{1AAFF067-558E-452E-938E-9DDE85517BC4}.Debug|Any CPU.ActiveCfg = Debug|Any CPU
		{1AAFF067-558E-452E-938E-9DDE85517BC4}.Debug|Any CPU.Build.0 = Debug|Any CPU
		{1AAFF067-558E-452E-938E-9DDE85517BC4}.Release|Any CPU.ActiveCfg = Release|Any CPU
		{1AAFF067-558E-452E-938E-9DDE85517BC4}.Release|Any CPU.Build.0 = Release|Any CPU
		{5B622B1C-7AE0-4509-AF0E-DC4BA844B8EC}.Debug|Any CPU.ActiveCfg = Debug|Any CPU
		{5B622B1C-7AE0-4509-AF0E-DC4BA844B8EC}.Debug|Any CPU.Build.0 = Debug|Any CPU
		{5B622B1C-7AE0-4509-AF0E-DC4BA844B8EC}.Release|Any CPU.ActiveCfg = Release|Any CPU
		{5B622B1C-7AE0-4509-AF0E-DC4BA844B8EC}.Release|Any CPU.Build.0 = Release|Any CPU
		{DC736D9A-5D02-420C-8578-679B38571843}.Debug|Any CPU.ActiveCfg = Debug|Any CPU
		{DC736D9A-5D02-420C-8578-679B38571843}.Debug|Any CPU.Build.0 = Debug|Any CPU
		{DC736D9A-5D02-420C-8578-679B38571843}.Release|Any CPU.ActiveCfg = Release|Any CPU
		{DC736D9A-5D02-420C-8578-679B38571843}.Release|Any CPU.Build.0 = Release|Any CPU
		{0A23C947-66C1-4CBA-9E07-9911D84F6D98}.Debug|Any CPU.ActiveCfg = Debug|Any CPU
		{0A23C947-66C1-4CBA-9E07-9911D84F6D98}.Debug|Any CPU.Build.0 = Debug|Any CPU
		{0A23C947-66C1-4CBA-9E07-9911D84F6D98}.Release|Any CPU.ActiveCfg = Release|Any CPU
		{0A23C947-66C1-4CBA-9E07-9911D84F6D98}.Release|Any CPU.Build.0 = Release|Any CPU
		{07650EAC-80D7-48FA-9A2F-D01AC6AB0C50}.Debug|Any CPU.ActiveCfg = Debug|Any CPU
		{07650EAC-80D7-48FA-9A2F-D01AC6AB0C50}.Debug|Any CPU.Build.0 = Debug|Any CPU
		{07650EAC-80D7-48FA-9A2F-D01AC6AB0C50}.Release|Any CPU.ActiveCfg = Release|Any CPU
		{07650EAC-80D7-48FA-9A2F-D01AC6AB0C50}.Release|Any CPU.Build.0 = Release|Any CPU
	EndGlobalSection
	GlobalSection(SolutionProperties) = preSolution
		HideSolutionNode = FALSE
	EndGlobalSection
	GlobalSection(NestedProjects) = preSolution
		{5B622B1C-7AE0-4509-AF0E-DC4BA844B8EC} = {60AA093A-5841-475B-A60E-441C5D872FA3}
		{DC736D9A-5D02-420C-8578-679B38571843} = {FD87E999-A47A-4383-965C-C5A8ABC2DC67}
		{0A23C947-66C1-4CBA-9E07-9911D84F6D98} = {FD87E999-A47A-4383-965C-C5A8ABC2DC67}
	EndGlobalSection
	GlobalSection(ExtensibilityGlobals) = postSolution
		SolutionGuid = {380F33B1-3A52-4D85-B39B-6878F35FE91F}
	EndGlobalSection
EndGlobal
