
Microsoft Visual Studio Solution File, Format Version 12.00
# Visual Studio Version 17
VisualStudioVersion = 17.5.33209.295
MinimumVisualStudioVersion = 10.0.40219.1
Project("{9A19103F-16F7-4668-BE54-9A1E7A4F7556}") = "Strategist.Core", "src\Strategist.Core\Strategist.Core.csproj", "{CE7F6C6B-E019-4D8C-B700-BA1B319EAA3C}"
EndProject
Project("{2150E333-8FDC-42A3-9474-1A3956D46DE8}") = "Plugins", "Plugins", "{AA52A799-78C8-431B-9C9C-0F4B11266222}"
EndProject
Project("{9A19103F-16F7-4668-BE54-9A1E7A4F7556}") = "Strategist.Plugins.TakeStop", "src\Strategist.Plugins.TakeStop\Strategist.Plugins.TakeStop.csproj", "{7481AD6D-8BE0-4270-BFD1-0A9777B8AEAE}"
EndProject
Project("{2150E333-8FDC-42A3-9474-1A3956D46DE8}") = "Tests", "Tests", "{0E4389FD-4BF4-4B2B-82E3-35BB175627BC}"
EndProject
Project("{9A19103F-16F7-4668-BE54-9A1E7A4F7556}") = "FirstStrategy", "Tests\FirstStrategy\FirstStrategy.csproj", "{73DF6529-BBB5-4C42-8EEB-509DE24B680D}"
EndProject
Project("{FAE04EC0-301F-11D3-BF4B-00C04F79EFBC}") = "Strategist.Common", "src\Strategist.Common\Strategist.Common.csproj", "{C529410B-F0D6-486D-ADCC-00E251AF2DDE}"
EndProject
Global
	GlobalSection(SolutionConfigurationPlatforms) = preSolution
		Debug|Any CPU = Debug|Any CPU
		Release|Any CPU = Release|Any CPU
	EndGlobalSection
	GlobalSection(ProjectConfigurationPlatforms) = postSolution
		{CE7F6C6B-E019-4D8C-B700-BA1B319EAA3C}.Debug|Any CPU.ActiveCfg = Debug|Any CPU
		{CE7F6C6B-E019-4D8C-B700-BA1B319EAA3C}.Debug|Any CPU.Build.0 = Debug|Any CPU
		{CE7F6C6B-E019-4D8C-B700-BA1B319EAA3C}.Release|Any CPU.ActiveCfg = Release|Any CPU
		{CE7F6C6B-E019-4D8C-B700-BA1B319EAA3C}.Release|Any CPU.Build.0 = Release|Any CPU
		{7481AD6D-8BE0-4270-BFD1-0A9777B8AEAE}.Debug|Any CPU.ActiveCfg = Debug|Any CPU
		{7481AD6D-8BE0-4270-BFD1-0A9777B8AEAE}.Debug|Any CPU.Build.0 = Debug|Any CPU
		{7481AD6D-8BE0-4270-BFD1-0A9777B8AEAE}.Release|Any CPU.ActiveCfg = Release|Any CPU
		{7481AD6D-8BE0-4270-BFD1-0A9777B8AEAE}.Release|Any CPU.Build.0 = Release|Any CPU
		{73DF6529-BBB5-4C42-8EEB-509DE24B680D}.Debug|Any CPU.ActiveCfg = Debug|Any CPU
		{73DF6529-BBB5-4C42-8EEB-509DE24B680D}.Debug|Any CPU.Build.0 = Debug|Any CPU
		{73DF6529-BBB5-4C42-8EEB-509DE24B680D}.Release|Any CPU.ActiveCfg = Release|Any CPU
		{73DF6529-BBB5-4C42-8EEB-509DE24B680D}.Release|Any CPU.Build.0 = Release|Any CPU
		{C529410B-F0D6-486D-ADCC-00E251AF2DDE}.Debug|Any CPU.ActiveCfg = Debug|Any CPU
		{C529410B-F0D6-486D-ADCC-00E251AF2DDE}.Debug|Any CPU.Build.0 = Debug|Any CPU
		{C529410B-F0D6-486D-ADCC-00E251AF2DDE}.Release|Any CPU.ActiveCfg = Release|Any CPU
		{C529410B-F0D6-486D-ADCC-00E251AF2DDE}.Release|Any CPU.Build.0 = Release|Any CPU
	EndGlobalSection
	GlobalSection(SolutionProperties) = preSolution
		HideSolutionNode = FALSE
	EndGlobalSection
	GlobalSection(NestedProjects) = preSolution
		{7481AD6D-8BE0-4270-BFD1-0A9777B8AEAE} = {AA52A799-78C8-431B-9C9C-0F4B11266222}
		{73DF6529-BBB5-4C42-8EEB-509DE24B680D} = {0E4389FD-4BF4-4B2B-82E3-35BB175627BC}
	EndGlobalSection
	GlobalSection(ExtensibilityGlobals) = postSolution
		SolutionGuid = {7359A0E5-7143-4650-A9E6-50E79E4A42A7}
	EndGlobalSection
EndGlobal
